PODS:
  - app_links (0.0.1):
    - Flutter
  - device_info_plus (0.0.1):
    - Flutter
  - Flutter (1.0.0)
  - flutter_inappwebview (0.0.1):
    - Flutter
    - flutter_inappwebview/Core (= 0.0.1)
    - OrderedSet (~> 5.0)
  - flutter_inappwebview/Core (0.0.1):
    - Flutter
    - OrderedSet (~> 5.0)
  - local_auth_ios (0.0.1):
    - Flutter
  - nevis_mobile_authentication_sdk_ios (3.2.0):
    - Flutter
    - NevisMobileAuthentication (~> 3.2.0)
    - NevisMobileAuthentication-Debug (~> 3.2.0)
  - NevisMobileAuthentication (3.2.0)
  - NevisMobileAuthentication-Debug (3.2.0)
  - OrderedSet (5.0.0)
  - package_info_plus (0.4.5):
    - Flutter
  - shared_preferences_foundation (0.0.1):
    - Flutter
    - FlutterMacOS
  - url_launcher_ios (0.0.1):
    - Flutter

DEPENDENCIES:
  - app_links (from `.symlinks/plugins/app_links/ios`)
  - device_info_plus (from `.symlinks/plugins/device_info_plus/ios`)
  - Flutter (from `Flutter`)
  - flutter_inappwebview (from `.symlinks/plugins/flutter_inappwebview/ios`)
  - local_auth_ios (from `.symlinks/plugins/local_auth_ios/ios`)
  - nevis_mobile_authentication_sdk_ios (from `.symlinks/plugins/nevis_mobile_authentication_sdk_ios/ios`)
  - NevisMobileAuthentication
  - NevisMobileAuthentication-Debug
  - package_info_plus (from `.symlinks/plugins/package_info_plus/ios`)
  - shared_preferences_foundation (from `.symlinks/plugins/shared_preferences_foundation/darwin`)
  - url_launcher_ios (from `.symlinks/plugins/url_launcher_ios/ios`)

SPEC REPOS:
  trunk:
    - NevisMobileAuthentication
    - NevisMobileAuthentication-Debug
    - OrderedSet

EXTERNAL SOURCES:
  app_links:
    :path: ".symlinks/plugins/app_links/ios"
  device_info_plus:
    :path: ".symlinks/plugins/device_info_plus/ios"
  Flutter:
    :path: Flutter
  flutter_inappwebview:
    :path: ".symlinks/plugins/flutter_inappwebview/ios"
  local_auth_ios:
    :path: ".symlinks/plugins/local_auth_ios/ios"
  nevis_mobile_authentication_sdk_ios:
    :path: ".symlinks/plugins/nevis_mobile_authentication_sdk_ios/ios"
  package_info_plus:
    :path: ".symlinks/plugins/package_info_plus/ios"
  shared_preferences_foundation:
    :path: ".symlinks/plugins/shared_preferences_foundation/darwin"
  url_launcher_ios:
    :path: ".symlinks/plugins/url_launcher_ios/ios"

SPEC CHECKSUMS:
  app_links: 5ef33d0d295a89d9d16bb81b0e3b0d5f70d6c875
  device_info_plus: 7545d84d8d1b896cb16a4ff98c19f07ec4b298ea
  Flutter: f04841e97a9d0b0a8025694d0796dd46242b2854
  flutter_inappwebview: bfd58618f49dc62f2676de690fc6dcda1d6c3721
  local_auth_ios: c6cf091ded637a88f24f86a8875d8b0f526e2605
  nevis_mobile_authentication_sdk_ios: e97f0ea5967637f38141a89c8c6e575e0b4e1381
  NevisMobileAuthentication: 55ffd3d9691a23a51f1785f444b9fef4306bd45c
  NevisMobileAuthentication-Debug: cef1b9853c4418b00cd3a1ae8efcb323eb792e8c
  OrderedSet: aaeb196f7fef5a9edf55d89760da9176ad40b93c
  package_info_plus: fd030dabf36271f146f1f3beacd48f564b0f17f7
  shared_preferences_foundation: e2dae3258e06f44cc55f49d42024fd8dd03c590c
  url_launcher_ios: 08a3dfac5fb39e8759aeb0abbd5d9480f30fc8b4

PODFILE CHECKSUM: f3c4267cb342f220cde4e8c2c58c66b3d779d957

COCOAPODS: 1.11.3
